
Microsoft Visual Studio Solution File, Format Version 12.00
# Visual Studio Version 17
VisualStudioVersion = 17.12.35527.113 d17.12
MinimumVisualStudioVersion = 10.0.40219.1
Project("{8BC9CEB8-8B4A-11D0-8D11-00A0C91BC942}") = "cpp", "cpp\cpp.vcxproj", "{95F29620-0F6C-4B89-A64F-3CCCAF054E0F}"
EndProject
Project("{FAE04EC0-301F-11D3-BF4B-00C04F79EFBC}") = "cload", "cload\cload.csproj", "{33D24983-196D-4932-8363-68E0481D8868}"
EndProject
Project("{8BC9CEB8-8B4A-11D0-8D11-00A0C91BC942}") = "Dll2", "Dll2\Dll2.vcxproj", "{CFE55389-FD23-48C3-AC2A-07FC01C7A183}"
EndProject
Global
	GlobalSection(SolutionConfigurationPlatforms) = preSolution
		Debug|Any CPU = Debug|Any CPU
		Debug|x64 = Debug|x64
		Debug|x86 = Debug|x86
		Release|Any CPU = Release|Any CPU
		Release|x64 = Release|x64
		Release|x86 = Release|x86
	EndGlobalSection
	GlobalSection(ProjectConfigurationPlatforms) = postSolution
		{95F29620-0F6C-4B89-A64F-3CCCAF054E0F}.Debug|Any CPU.ActiveCfg = Debug|x64
		{95F29620-0F6C-4B89-A64F-3CCCAF054E0F}.Debug|Any CPU.Build.0 = Debug|x64
		{95F29620-0F6C-4B89-A64F-3CCCAF054E0F}.Debug|x64.ActiveCfg = Debug|x64
		{95F29620-0F6C-4B89-A64F-3CCCAF054E0F}.Debug|x64.Build.0 = Debug|x64
		{95F29620-0F6C-4B89-A64F-3CCCAF054E0F}.Debug|x86.ActiveCfg = Debug|Win32
		{95F29620-0F6C-4B89-A64F-3CCCAF054E0F}.Debug|x86.Build.0 = Debug|Win32
		{95F29620-0F6C-4B89-A64F-3CCCAF054E0F}.Release|Any CPU.ActiveCfg = Release|x64
		{95F29620-0F6C-4B89-A64F-3CCCAF054E0F}.Release|Any CPU.Build.0 = Release|x64
		{95F29620-0F6C-4B89-A64F-3CCCAF054E0F}.Release|x64.ActiveCfg = Release|x64
		{95F29620-0F6C-4B89-A64F-3CCCAF054E0F}.Release|x64.Build.0 = Release|x64
		{95F29620-0F6C-4B89-A64F-3CCCAF054E0F}.Release|x86.ActiveCfg = Release|Win32
		{95F29620-0F6C-4B89-A64F-3CCCAF054E0F}.Release|x86.Build.0 = Release|Win32
		{33D24983-196D-4932-8363-68E0481D8868}.Debug|Any CPU.ActiveCfg = Debug|Any CPU
		{33D24983-196D-4932-8363-68E0481D8868}.Debug|Any CPU.Build.0 = Debug|Any CPU
		{33D24983-196D-4932-8363-68E0481D8868}.Debug|x64.ActiveCfg = Debug|Any CPU
		{33D24983-196D-4932-8363-68E0481D8868}.Debug|x64.Build.0 = Debug|Any CPU
		{33D24983-196D-4932-8363-68E0481D8868}.Debug|x86.ActiveCfg = Debug|Any CPU
		{33D24983-196D-4932-8363-68E0481D8868}.Debug|x86.Build.0 = Debug|Any CPU
		{33D24983-196D-4932-8363-68E0481D8868}.Release|Any CPU.ActiveCfg = Release|Any CPU
		{33D24983-196D-4932-8363-68E0481D8868}.Release|Any CPU.Build.0 = Release|Any CPU
		{33D24983-196D-4932-8363-68E0481D8868}.Release|x64.ActiveCfg = Release|Any CPU
		{33D24983-196D-4932-8363-68E0481D8868}.Release|x64.Build.0 = Release|Any CPU
		{33D24983-196D-4932-8363-68E0481D8868}.Release|x86.ActiveCfg = Release|Any CPU
		{33D24983-196D-4932-8363-68E0481D8868}.Release|x86.Build.0 = Release|Any CPU
		{CFE55389-FD23-48C3-AC2A-07FC01C7A183}.Debug|Any CPU.ActiveCfg = Debug|x64
		{CFE55389-FD23-48C3-AC2A-07FC01C7A183}.Debug|Any CPU.Build.0 = Debug|x64
		{CFE55389-FD23-48C3-AC2A-07FC01C7A183}.Debug|x64.ActiveCfg = Debug|x64
		{CFE55389-FD23-48C3-AC2A-07FC01C7A183}.Debug|x64.Build.0 = Debug|x64
		{CFE55389-FD23-48C3-AC2A-07FC01C7A183}.Debug|x86.ActiveCfg = Debug|Win32
		{CFE55389-FD23-48C3-AC2A-07FC01C7A183}.Debug|x86.Build.0 = Debug|Win32
		{CFE55389-FD23-48C3-AC2A-07FC01C7A183}.Release|Any CPU.ActiveCfg = Release|x64
		{CFE55389-FD23-48C3-AC2A-07FC01C7A183}.Release|Any CPU.Build.0 = Release|x64
		{CFE55389-FD23-48C3-AC2A-07FC01C7A183}.Release|x64.ActiveCfg = Release|x64
		{CFE55389-FD23-48C3-AC2A-07FC01C7A183}.Release|x64.Build.0 = Release|x64
		{CFE55389-FD23-48C3-AC2A-07FC01C7A183}.Release|x86.ActiveCfg = Release|Win32
		{CFE55389-FD23-48C3-AC2A-07FC01C7A183}.Release|x86.Build.0 = Release|Win32
	EndGlobalSection
	GlobalSection(SolutionProperties) = preSolution
		HideSolutionNode = FALSE
	EndGlobalSection
EndGlobal
